// !$*UTF8*$!
{
	archiveVersion = 1;
	classes = {
	};
	objectVersion = 50;
	objects = {

/* Begin PBXBuildFile section */
		4B50DA07227736F700B826D7 /* AudioReader.m in Sources */ = {isa = PBXBuildFile; fileRef = 4B50DA06227736F700B826D7 /* AudioReader.m */; };
		4B9D500722B7D55F00EFC0A7 /* DemoListViewController.m in Sources */ = {isa = PBXBuildFile; fileRef = 4B9D500622B7D55F00EFC0A7 /* DemoListViewController.m */; };
		4B9D500A22B7D5B900EFC0A7 /* AudioRecordWithAVAudioRecord.m in Sources */ = {isa = PBXBuildFile; fileRef = 4B9D500922B7D5B900EFC0A7 /* AudioRecordWithAVAudioRecord.m */; };
		D76BF11222703CE100813E99 /* AppDelegate.m in Sources */ = {isa = PBXBuildFile; fileRef = D76BF11122703CE100813E99 /* AppDelegate.m */; };
		D76BF11522703CE100813E99 /* AudioRecordViewController.m in Sources */ = {isa = PBXBuildFile; fileRef = D76BF11422703CE100813E99 /* AudioRecordViewController.m */; };
		D76BF11822703CE100813E99 /* Main.storyboard in Resources */ = {isa = PBXBuildFile; fileRef = D76BF11622703CE100813E99 /* Main.storyboard */; };
		D76BF11A22703CE200813E99 /* Assets.xcassets in Resources */ = {isa = PBXBuildFile; fileRef = D76BF11922703CE200813E99 /* Assets.xcassets */; };
		D76BF11D22703CE200813E99 /* LaunchScreen.storyboard in Resources */ = {isa = PBXBuildFile; fileRef = D76BF11B22703CE200813E99 /* LaunchScreen.storyboard */; };
		D76BF12022703CE200813E99 /* main.m in Sources */ = {isa = PBXBuildFile; fileRef = D76BF11F22703CE200813E99 /* main.m */; };
		D76BF12922703F7300813E99 /* AudioRecord.m in Sources */ = {isa = PBXBuildFile; fileRef = D76BF12822703F7300813E99 /* AudioRecord.m */; };
		D7A32A512271C97B00B58EEF /* AudioPlayer.m in Sources */ = {isa = PBXBuildFile; fileRef = D7A32A4E2271C97B00B58EEF /* AudioPlayer.m */; };
		D7A32A522271C97B00B58EEF /* AudioEncodeAAC.m in Sources */ = {isa = PBXBuildFile; fileRef = D7A32A502271C97B00B58EEF /* AudioEncodeAAC.m */; };
		D7A32A552272A0F800B58EEF /* AudioRecordWithCapture.m in Sources */ = {isa = PBXBuildFile; fileRef = D7A32A542272A0F800B58EEF /* AudioRecordWithCapture.m */; };
		D7A32A582272CB9800B58EEF /* AudioSimplePlayer.m in Sources */ = {isa = PBXBuildFile; fileRef = D7A32A572272CB9800B58EEF /* AudioSimplePlayer.m */; };
/* End PBXBuildFile section */

/* Begin PBXFileReference section */
		4B50DA05227736F700B826D7 /* AudioReader.h */ = {isa = PBXFileReference; lastKnownFileType = sourcecode.c.h; path = AudioReader.h; sourceTree = "<group>"; };
		4B50DA06227736F700B826D7 /* AudioReader.m */ = {isa = PBXFileReference; lastKnownFileType = sourcecode.c.objc; path = AudioReader.m; sourceTree = "<group>"; };
		4B9D500522B7D55F00EFC0A7 /* DemoListViewController.h */ = {isa = PBXFileReference; lastKnownFileType = sourcecode.c.h; path = DemoListViewController.h; sourceTree = "<group>"; };
		4B9D500622B7D55F00EFC0A7 /* DemoListViewController.m */ = {isa = PBXFileReference; lastKnownFileType = sourcecode.c.objc; path = DemoListViewController.m; sourceTree = "<group>"; };
		4B9D500822B7D5B900EFC0A7 /* AudioRecordWithAVAudioRecord.h */ = {isa = PBXFileReference; lastKnownFileType = sourcecode.c.h; path = AudioRecordWithAVAudioRecord.h; sourceTree = "<group>"; };
		4B9D500922B7D5B900EFC0A7 /* AudioRecordWithAVAudioRecord.m */ = {isa = PBXFileReference; lastKnownFileType = sourcecode.c.objc; path = AudioRecordWithAVAudioRecord.m; sourceTree = "<group>"; };
		4B9D500B22B7D77B00EFC0A7 /* AudioRecordProtocol.h */ = {isa = PBXFileReference; lastKnownFileType = sourcecode.c.h; path = AudioRecordProtocol.h; sourceTree = "<group>"; };
		D76BF10D22703CE100813E99 /* 01-AudioRecord.app */ = {isa = PBXFileReference; explicitFileType = wrapper.application; includeInIndex = 0; path = "01-AudioRecord.app"; sourceTree = BUILT_PRODUCTS_DIR; };
		D76BF11022703CE100813E99 /* AppDelegate.h */ = {isa = PBXFileReference; lastKnownFileType = sourcecode.c.h; path = AppDelegate.h; sourceTree = "<group>"; };
		D76BF11122703CE100813E99 /* AppDelegate.m */ = {isa = PBXFileReference; lastKnownFileType = sourcecode.c.objc; path = AppDelegate.m; sourceTree = "<group>"; };
		D76BF11322703CE100813E99 /* AudioRecordViewController.h */ = {isa = PBXFileReference; lastKnownFileType = sourcecode.c.h; path = AudioRecordViewController.h; sourceTree = "<group>"; };
		D76BF11422703CE100813E99 /* AudioRecordViewController.m */ = {isa = PBXFileReference; lastKnownFileType = sourcecode.c.objc; path = AudioRecordViewController.m; sourceTree = "<group>"; };
		D76BF11722703CE100813E99 /* Base */ = {isa = PBXFileReference; lastKnownFileType = file.storyboard; name = Base; path = Base.lproj/Main.storyboard; sourceTree = "<group>"; };
		D76BF11922703CE200813E99 /* Assets.xcassets */ = {isa = PBXFileReference; lastKnownFileType = folder.assetcatalog; path = Assets.xcassets; sourceTree = "<group>"; };
		D76BF11C22703CE200813E99 /* Base */ = {isa = PBXFileReference; lastKnownFileType = file.storyboard; name = Base; path = Base.lproj/LaunchScreen.storyboard; sourceTree = "<group>"; };
		D76BF11E22703CE200813E99 /* Info.plist */ = {isa = PBXFileReference; lastKnownFileType = text.plist.xml; path = Info.plist; sourceTree = "<group>"; };
		D76BF11F22703CE200813E99 /* main.m */ = {isa = PBXFileReference; lastKnownFileType = sourcecode.c.objc; path = main.m; sourceTree = "<group>"; };
		D76BF12722703F7300813E99 /* AudioRecord.h */ = {isa = PBXFileReference; lastKnownFileType = sourcecode.c.h; path = AudioRecord.h; sourceTree = "<group>"; };
		D76BF12822703F7300813E99 /* AudioRecord.m */ = {isa = PBXFileReference; lastKnownFileType = sourcecode.c.objc; path = AudioRecord.m; sourceTree = "<group>"; };
		D7A32A492271C94300B58EEF /* CoreAudio.framework */ = {isa = PBXFileReference; lastKnownFileType = wrapper.framework; name = CoreAudio.framework; path = System/Library/Frameworks/CoreAudio.framework; sourceTree = SDKROOT; };
		D7A32A4B2271C94B00B58EEF /* AudioToolbox.framework */ = {isa = PBXFileReference; lastKnownFileType = wrapper.framework; name = AudioToolbox.framework; path = System/Library/Frameworks/AudioToolbox.framework; sourceTree = SDKROOT; };
		D7A32A4D2271C97B00B58EEF /* AudioPlayer.h */ = {isa = PBXFileReference; fileEncoding = 4; lastKnownFileType = sourcecode.c.h; path = AudioPlayer.h; sourceTree = "<group>"; };
		D7A32A4E2271C97B00B58EEF /* AudioPlayer.m */ = {isa = PBXFileReference; fileEncoding = 4; lastKnownFileType = sourcecode.c.objc; path = AudioPlayer.m; sourceTree = "<group>"; };
		D7A32A4F2271C97B00B58EEF /* AudioEncodeAAC.h */ = {isa = PBXFileReference; fileEncoding = 4; lastKnownFileType = sourcecode.c.h; path = AudioEncodeAAC.h; sourceTree = "<group>"; };
		D7A32A502271C97B00B58EEF /* AudioEncodeAAC.m */ = {isa = PBXFileReference; fileEncoding = 4; lastKnownFileType = sourcecode.c.objc; path = AudioEncodeAAC.m; sourceTree = "<group>"; };
		D7A32A532272A0F800B58EEF /* AudioRecordWithCapture.h */ = {isa = PBXFileReference; lastKnownFileType = sourcecode.c.h; path = AudioRecordWithCapture.h; sourceTree = "<group>"; };
		D7A32A542272A0F800B58EEF /* AudioRecordWithCapture.m */ = {isa = PBXFileReference; lastKnownFileType = sourcecode.c.objc; path = AudioRecordWithCapture.m; sourceTree = "<group>"; };
		D7A32A562272CB9800B58EEF /* AudioSimplePlayer.h */ = {isa = PBXFileReference; lastKnownFileType = sourcecode.c.h; path = AudioSimplePlayer.h; sourceTree = "<group>"; };
		D7A32A572272CB9800B58EEF /* AudioSimplePlayer.m */ = {isa = PBXFileReference; lastKnownFileType = sourcecode.c.objc; path = AudioSimplePlayer.m; sourceTree = "<group>"; };
/* End PBXFileReference section */

/* Begin PBXFrameworksBuildPhase section */
		D76BF10A22703CE100813E99 /* Frameworks */ = {
			isa = PBXFrameworksBuildPhase;
			buildActionMask = 2147483647;
			files = (
			);
			runOnlyForDeploymentPostprocessing = 0;
		};
/* End PBXFrameworksBuildPhase section */

/* Begin PBXGroup section */
		D76BF10422703CE100813E99 = {
			isa = PBXGroup;
			children = (
				D76BF10F22703CE100813E99 /* 01-AudioRecord */,
				D76BF10E22703CE100813E99 /* Products */,
				D7A32A482271C94300B58EEF /* Frameworks */,
			);
			sourceTree = "<group>";
		};
		D76BF10E22703CE100813E99 /* Products */ = {
			isa = PBXGroup;
			children = (
				D76BF10D22703CE100813E99 /* 01-AudioRecord.app */,
			);
			name = Products;
			sourceTree = "<group>";
		};
		D76BF10F22703CE100813E99 /* 01-AudioRecord */ = {
			isa = PBXGroup;
			children = (
				D76BF12622703F4400813E99 /* AudioRecord */,
				D76BF11022703CE100813E99 /* AppDelegate.h */,
				D76BF11122703CE100813E99 /* AppDelegate.m */,
				4B9D500522B7D55F00EFC0A7 /* DemoListViewController.h */,
				4B9D500622B7D55F00EFC0A7 /* DemoListViewController.m */,
				D76BF11622703CE100813E99 /* Main.storyboard */,
				D76BF11922703CE200813E99 /* Assets.xcassets */,
				D76BF11B22703CE200813E99 /* LaunchScreen.storyboard */,
				D76BF11E22703CE200813E99 /* Info.plist */,
				D76BF11F22703CE200813E99 /* main.m */,
			);
			path = "01-AudioRecord";
			sourceTree = "<group>";
		};
		D76BF12622703F4400813E99 /* AudioRecord */ = {
			isa = PBXGroup;
			children = (
				D76BF11322703CE100813E99 /* AudioRecordViewController.h */,
				D76BF11422703CE100813E99 /* AudioRecordViewController.m */,
				4B9D500B22B7D77B00EFC0A7 /* AudioRecordProtocol.h */,
				D76BF12722703F7300813E99 /* AudioRecord.h */,
				D76BF12822703F7300813E99 /* AudioRecord.m */,
				4B9D500822B7D5B900EFC0A7 /* AudioRecordWithAVAudioRecord.h */,
				4B9D500922B7D5B900EFC0A7 /* AudioRecordWithAVAudioRecord.m */,
				D7A32A532272A0F800B58EEF /* AudioRecordWithCapture.h */,
				D7A32A542272A0F800B58EEF /* AudioRecordWithCapture.m */,
				D7A32A4F2271C97B00B58EEF /* AudioEncodeAAC.h */,
				D7A32A502271C97B00B58EEF /* AudioEncodeAAC.m */,
				D7A32A4D2271C97B00B58EEF /* AudioPlayer.h */,
				D7A32A4E2271C97B00B58EEF /* AudioPlayer.m */,
				4B50DA05227736F700B826D7 /* AudioReader.h */,
				4B50DA06227736F700B826D7 /* AudioReader.m */,
				D7A32A562272CB9800B58EEF /* AudioSimplePlayer.h */,
				D7A32A572272CB9800B58EEF /* AudioSimplePlayer.m */,
			);
			path = AudioRecord;
			sourceTree = "<group>";
		};
		D7A32A482271C94300B58EEF /* Frameworks */ = {
			isa = PBXGroup;
			children = (
				D7A32A4B2271C94B00B58EEF /* AudioToolbox.framework */,
				D7A32A492271C94300B58EEF /* CoreAudio.framework */,
			);
			name = Frameworks;
			sourceTree = "<group>";
		};
/* End PBXGroup section */

/* Begin PBXNativeTarget section */
		D76BF10C22703CE100813E99 /* 01-AudioRecord */ = {
			isa = PBXNativeTarget;
			buildConfigurationList = D76BF12322703CE200813E99 /* Build configuration list for PBXNativeTarget "01-AudioRecord" */;
			buildPhases = (
				D76BF10922703CE100813E99 /* Sources */,
				D76BF10A22703CE100813E99 /* Frameworks */,
				D76BF10B22703CE100813E99 /* Resources */,
			);
			buildRules = (
			);
			dependencies = (
			);
			name = "01-AudioRecord";
			productName = "01-AudioRecord";
			productReference = D76BF10D22703CE100813E99 /* 01-AudioRecord.app */;
			productType = "com.apple.product-type.application";
		};
/* End PBXNativeTarget section */

/* Begin PBXProject section */
		D76BF10522703CE100813E99 /* Project object */ = {
			isa = PBXProject;
			attributes = {
				LastUpgradeCheck = 1020;
				ORGANIZATIONNAME = KK;
				TargetAttributes = {
					D76BF10C22703CE100813E99 = {
						CreatedOnToolsVersion = 10.2.1;
					};
				};
			};
			buildConfigurationList = D76BF10822703CE100813E99 /* Build configuration list for PBXProject "01-AudioRecord" */;
			compatibilityVersion = "Xcode 9.3";
			developmentRegion = en;
			hasScannedForEncodings = 0;
			knownRegions = (
				en,
				Base,
			);
			mainGroup = D76BF10422703CE100813E99;
			productRefGroup = D76BF10E22703CE100813E99 /* Products */;
			projectDirPath = "";
			projectRoot = "";
			targets = (
				D76BF10C22703CE100813E99 /* 01-AudioRecord */,
			);
		};
/* End PBXProject section */

/* Begin PBXResourcesBuildPhase section */
		D76BF10B22703CE100813E99 /* Resources */ = {
			isa = PBXResourcesBuildPhase;
			buildActionMask = 2147483647;
			files = (
				D76BF11D22703CE200813E99 /* LaunchScreen.storyboard in Resources */,
				D76BF11A22703CE200813E99 /* Assets.xcassets in Resources */,
				D76BF11822703CE100813E99 /* Main.storyboard in Resources */,
			);
			runOnlyForDeploymentPostprocessing = 0;
		};
/* End PBXResourcesBuildPhase section */

/* Begin PBXSourcesBuildPhase section */
		D76BF10922703CE100813E99 /* Sources */ = {
			isa = PBXSourcesBuildPhase;
			buildActionMask = 2147483647;
			files = (
				D76BF11522703CE100813E99 /* AudioRecordViewController.m in Sources */,
				D76BF12922703F7300813E99 /* AudioRecord.m in Sources */,
				D7A32A522271C97B00B58EEF /* AudioEncodeAAC.m in Sources */,
				4B50DA07227736F700B826D7 /* AudioReader.m in Sources */,
				D7A32A552272A0F800B58EEF /* AudioRecordWithCapture.m in Sources */,
				4B9D500722B7D55F00EFC0A7 /* DemoListViewController.m in Sources */,
				D7A32A512271C97B00B58EEF /* AudioPlayer.m in Sources */,
				4B9D500A22B7D5B900EFC0A7 /* AudioRecordWithAVAudioRecord.m in Sources */,
				D76BF12022703CE200813E99 /* main.m in Sources */,
				D76BF11222703CE100813E99 /* AppDelegate.m in Sources */,
				D7A32A582272CB9800B58EEF /* AudioSimplePlayer.m in Sources */,
			);
			runOnlyForDeploymentPostprocessing = 0;
		};
/* End PBXSourcesBuildPhase section */

/* Begin PBXVariantGroup section */
		D76BF11622703CE100813E99 /* Main.storyboard */ = {
			isa = PBXVariantGroup;
			children = (
				D76BF11722703CE100813E99 /* Base */,
			);
			name = Main.storyboard;
			sourceTree = "<group>";
		};
		D76BF11B22703CE200813E99 /* LaunchScreen.storyboard */ = {
			isa = PBXVariantGroup;
			children = (
				D76BF11C22703CE200813E99 /* Base */,
			);
			name = LaunchScreen.storyboard;
			sourceTree = "<group>";
		};
/* End PBXVariantGroup section */

/* Begin XCBuildConfiguration section */
		D76BF12122703CE200813E99 /* Debug */ = {
			isa = XCBuildConfiguration;
			buildSettings = {
				ALWAYS_SEARCH_USER_PATHS = NO;
				CLANG_ANALYZER_NONNULL = YES;
				CLANG_ANALYZER_NUMBER_OBJECT_CONVERSION = YES_AGGRESSIVE;
				CLANG_CXX_LANGUAGE_STANDARD = "gnu++14";
				CLANG_CXX_LIBRARY = "libc++";
				CLANG_ENABLE_MODULES = YES;
				CLANG_ENABLE_OBJC_ARC = YES;
				CLANG_ENABLE_OBJC_WEAK = YES;
				CLANG_WARN_BLOCK_CAPTURE_AUTORELEASING = YES;
				CLANG_WARN_BOOL_CONVERSION = YES;
				CLANG_WARN_COMMA = YES;
				CLANG_WARN_CONSTANT_CONVERSION = YES;
				CLANG_WARN_DEPRECATED_OBJC_IMPLEMENTATIONS = YES;
				CLANG_WARN_DIRECT_OBJC_ISA_USAGE = YES_ERROR;
				CLANG_WARN_DOCUMENTATION_COMMENTS = YES;
				CLANG_WARN_EMPTY_BODY = YES;
				CLANG_WARN_ENUM_CONVERSION = YES;
				CLANG_WARN_INFINITE_RECURSION = YES;
				CLANG_WARN_INT_CONVERSION = YES;
				CLANG_WARN_NON_LITERAL_NULL_CONVERSION = YES;
				CLANG_WARN_OBJC_IMPLICIT_RETAIN_SELF = YES;
				CLANG_WARN_OBJC_LITERAL_CONVERSION = YES;
				CLANG_WARN_OBJC_ROOT_CLASS = YES_ERROR;
				CLANG_WARN_RANGE_LOOP_ANALYSIS = YES;
				CLANG_WARN_STRICT_PROTOTYPES = YES;
				CLANG_WARN_SUSPICIOUS_MOVE = YES;
				CLANG_WARN_UNGUARDED_AVAILABILITY = YES_AGGRESSIVE;
				CLANG_WARN_UNREACHABLE_CODE = YES;
				CLANG_WARN__DUPLICATE_METHOD_MATCH = YES;
				CODE_SIGN_IDENTITY = "iPhone Developer";
				COPY_PHASE_STRIP = NO;
				DEBUG_INFORMATION_FORMAT = dwarf;
				ENABLE_STRICT_OBJC_MSGSEND = YES;
				ENABLE_TESTABILITY = YES;
				GCC_C_LANGUAGE_STANDARD = gnu11;
				GCC_DYNAMIC_NO_PIC = NO;
				GCC_NO_COMMON_BLOCKS = YES;
				GCC_OPTIMIZATION_LEVEL = 0;
				GCC_PREPROCESSOR_DEFINITIONS = (
					"DEBUG=1",
					"$(inherited)",
				);
				GCC_WARN_64_TO_32_BIT_CONVERSION = YES;
				GCC_WARN_ABOUT_RETURN_TYPE = YES_ERROR;
				GCC_WARN_UNDECLARED_SELECTOR = YES;
				GCC_WARN_UNINITIALIZED_AUTOS = YES_AGGRESSIVE;
				GCC_WARN_UNUSED_FUNCTION = YES;
				GCC_WARN_UNUSED_VARIABLE = YES;
				IPHONEOS_DEPLOYMENT_TARGET = 12.2;
				MTL_ENABLE_DEBUG_INFO = INCLUDE_SOURCE;
				MTL_FAST_MATH = YES;
				ONLY_ACTIVE_ARCH = YES;
				SDKROOT = iphoneos;
			};
			name = Debug;
		};
		D76BF12222703CE200813E99 /* Release */ = {
			isa = XCBuildConfiguration;
			buildSettings = {
				ALWAYS_SEARCH_USER_PATHS = NO;
				CLANG_ANALYZER_NONNULL = YES;
				CLANG_ANALYZER_NUMBER_OBJECT_CONVERSION = YES_AGGRESSIVE;
				CLANG_CXX_LANGUAGE_STANDARD = "gnu++14";
				CLANG_CXX_LIBRARY = "libc++";
				CLANG_ENABLE_MODULES = YES;
				CLANG_ENABLE_OBJC_ARC = YES;
				CLANG_ENABLE_OBJC_WEAK = YES;
				CLANG_WARN_BLOCK_CAPTURE_AUTORELEASING = YES;
				CLANG_WARN_BOOL_CONVERSION = YES;
				CLANG_WARN_COMMA = YES;
				CLANG_WARN_CONSTANT_CONVERSION = YES;
				CLANG_WARN_DEPRECATED_OBJC_IMPLEMENTATIONS = YES;
				CLANG_WARN_DIRECT_OBJC_ISA_USAGE = YES_ERROR;
				CLANG_WARN_DOCUMENTATION_COMMENTS = YES;
				CLANG_WARN_EMPTY_BODY = YES;
				CLANG_WARN_ENUM_CONVERSION = YES;
				CLANG_WARN_INFINITE_RECURSION = YES;
				CLANG_WARN_INT_CONVERSION = YES;
				CLANG_WARN_NON_LITERAL_NULL_CONVERSION = YES;
				CLANG_WARN_OBJC_IMPLICIT_RETAIN_SELF = YES;
				CLANG_WARN_OBJC_LITERAL_CONVERSION = YES;
				CLANG_WARN_OBJC_ROOT_CLASS = YES_ERROR;
				CLANG_WARN_RANGE_LOOP_ANALYSIS = YES;
				CLANG_WARN_STRICT_PROTOTYPES = YES;
				CLANG_WARN_SUSPICIOUS_MOVE = YES;
				CLANG_WARN_UNGUARDED_AVAILABILITY = YES_AGGRESSIVE;
				CLANG_WARN_UNREACHABLE_CODE = YES;
				CLANG_WARN__DUPLICATE_METHOD_MATCH = YES;
				CODE_SIGN_IDENTITY = "iPhone Developer";
				COPY_PHASE_STRIP = NO;
				DEBUG_INFORMATION_FORMAT = "dwarf-with-dsym";
				ENABLE_NS_ASSERTIONS = NO;
				ENABLE_STRICT_OBJC_MSGSEND = YES;
				GCC_C_LANGUAGE_STANDARD = gnu11;
				GCC_NO_COMMON_BLOCKS = YES;
				GCC_WARN_64_TO_32_BIT_CONVERSION = YES;
				GCC_WARN_ABOUT_RETURN_TYPE = YES_ERROR;
				GCC_WARN_UNDECLARED_SELECTOR = YES;
				GCC_WARN_UNINITIALIZED_AUTOS = YES_AGGRESSIVE;
				GCC_WARN_UNUSED_FUNCTION = YES;
				GCC_WARN_UNUSED_VARIABLE = YES;
				IPHONEOS_DEPLOYMENT_TARGET = 12.2;
				MTL_ENABLE_DEBUG_INFO = NO;
				MTL_FAST_MATH = YES;
				SDKROOT = iphoneos;
				VALIDATE_PRODUCT = YES;
			};
			name = Release;
		};
		D76BF12422703CE200813E99 /* Debug */ = {
			isa = XCBuildConfiguration;
			buildSettings = {
				ASSETCATALOG_COMPILER_APPICON_NAME = AppIcon;
				CODE_SIGN_IDENTITY = "iPhone Developer";
				CODE_SIGN_STYLE = Automatic;
				DEVELOPMENT_TEAM = HA5G797698;
				ENABLE_BITCODE = YES;
				INFOPLIST_FILE = "01-AudioRecord/Info.plist";
				IPHONEOS_DEPLOYMENT_TARGET = 9.0;
				LD_RUNPATH_SEARCH_PATHS = (
					"$(inherited)",
					"@executable_path/Frameworks",
				);
				ONLY_ACTIVE_ARCH = YES;
				OTHER_LDFLAGS = "-ObjC";
				PRODUCT_BUNDLE_IDENTIFIER = com.kk.AudioRecord;
				PRODUCT_NAME = "$(TARGET_NAME)";
				PROVISIONING_PROFILE_SPECIFIER = "";
				TARGETED_DEVICE_FAMILY = "1,2";
			};
			name = Debug;
		};
		D76BF12522703CE200813E99 /* Release */ = {
			isa = XCBuildConfiguration;
			buildSettings = {
				ASSETCATALOG_COMPILER_APPICON_NAME = AppIcon;
				CODE_SIGN_IDENTITY = "iPhone Developer";
				CODE_SIGN_STYLE = Automatic;
				DEVELOPMENT_TEAM = HA5G797698;
				ENABLE_BITCODE = YES;
				INFOPLIST_FILE = "01-AudioRecord/Info.plist";
				IPHONEOS_DEPLOYMENT_TARGET = 9.0;
				LD_RUNPATH_SEARCH_PATHS = (
					"$(inherited)",
					"@executable_path/Frameworks",
				);
				OTHER_LDFLAGS = "-ObjC";
				PRODUCT_BUNDLE_IDENTIFIER = com.kk.AudioRecord;
				PRODUCT_NAME = "$(TARGET_NAME)";
				PROVISIONING_PROFILE_SPECIFIER = "";
				TARGETED_DEVICE_FAMILY = "1,2";
			};
			name = Release;
		};
/* End XCBuildConfiguration section */

/* Begin XCConfigurationList section */
		D76BF10822703CE100813E99 /* Build configuration list for PBXProject "01-AudioRecord" */ = {
			isa = XCConfigurationList;
			buildConfigurations = (
				D76BF12122703CE200813E99 /* Debug */,
				D76BF12222703CE200813E99 /* Release */,
			);
			defaultConfigurationIsVisible = 0;
			defaultConfigurationName = Release;
		};
		D76BF12322703CE200813E99 /* Build configuration list for PBXNativeTarget "01-AudioRecord" */ = {
			isa = XCConfigurationList;
			buildConfigurations = (
				D76BF12422703CE200813E99 /* Debug */,
				D76BF12522703CE200813E99 /* Release */,
			);
			defaultConfigurationIsVisible = 0;
			defaultConfigurationName = Release;
		};
/* End XCConfigurationList section */
	};
	rootObject = D76BF10522703CE100813E99 /* Project object */;
}
